
Microsoft Visual Studio Solution File, Format Version 12.00
# Visual Studio Version 17
VisualStudioVersion = 17.4.33122.133
MinimumVisualStudioVersion = 10.0.40219.1
Project("{2150E333-8FDC-42A3-9474-1A3956D46DE8}") = "Core", "Core", "{B320FEC0-7479-41A1-A435-AC639459EF47}"
EndProject
Project("{9A19103F-16F7-4668-BE54-9A1E7A4F7556}") = "ETicaretAPI.Domain", "Core\ETicaretAPI.Domain\ETicaretAPI.Domain.csproj", "{01D39F6E-D5AE-42D9-864F-59C6BCEF87AA}"
EndProject
Project("{9A19103F-16F7-4668-BE54-9A1E7A4F7556}") = "ETicaretAPI.Application", "Core\ETicaretAPI.Application\ETicaretAPI.Application.csproj", "{FDB4859C-489A-4CF9-8342-B2F229D3F9B7}"
EndProject
Project("{2150E333-8FDC-42A3-9474-1A3956D46DE8}") = "Infrastructure", "Infrastructure", "{A89DD1B8-272A-4475-BBA6-50DA9CF56367}"
EndProject
Project("{9A19103F-16F7-4668-BE54-9A1E7A4F7556}") = "ETicaretAPI.Infrastructure", "Infrastructure\ETicaretAPI.Infrastructure\ETicaretAPI.Infrastructure.csproj", "{792BB4D7-C4EF-4AE6-B049-13EF00EDD385}"
EndProject
Project("{9A19103F-16F7-4668-BE54-9A1E7A4F7556}") = "ETicaretAPI.Persistence", "Infrastructure\ETicaretAPI.Persistence\ETicaretAPI.Persistence.csproj", "{F49F0831-3506-4DFD-AFD2-E03012E22603}"
EndProject
Project("{2150E333-8FDC-42A3-9474-1A3956D46DE8}") = "Presentation", "Presentation", "{DC131E65-37D9-4784-935A-CFF017B88FC0}"
EndProject
Project("{9A19103F-16F7-4668-BE54-9A1E7A4F7556}") = "ETicaretAPI.API", "Presentation\ETicaretAPI.API\ETicaretAPI.API.csproj", "{578F6FA3-DD3E-42F6-9197-670CD0D2D32F}"
EndProject
Global
	GlobalSection(SolutionConfigurationPlatforms) = preSolution
		Debug|Any CPU = Debug|Any CPU
		Release|Any CPU = Release|Any CPU
	EndGlobalSection
	GlobalSection(ProjectConfigurationPlatforms) = postSolution
		{01D39F6E-D5AE-42D9-864F-59C6BCEF87AA}.Debug|Any CPU.ActiveCfg = Debug|Any CPU
		{01D39F6E-D5AE-42D9-864F-59C6BCEF87AA}.Debug|Any CPU.Build.0 = Debug|Any CPU
		{01D39F6E-D5AE-42D9-864F-59C6BCEF87AA}.Release|Any CPU.ActiveCfg = Release|Any CPU
		{01D39F6E-D5AE-42D9-864F-59C6BCEF87AA}.Release|Any CPU.Build.0 = Release|Any CPU
		{FDB4859C-489A-4CF9-8342-B2F229D3F9B7}.Debug|Any CPU.ActiveCfg = Debug|Any CPU
		{FDB4859C-489A-4CF9-8342-B2F229D3F9B7}.Debug|Any CPU.Build.0 = Debug|Any CPU
		{FDB4859C-489A-4CF9-8342-B2F229D3F9B7}.Release|Any CPU.ActiveCfg = Release|Any CPU
		{FDB4859C-489A-4CF9-8342-B2F229D3F9B7}.Release|Any CPU.Build.0 = Release|Any CPU
		{792BB4D7-C4EF-4AE6-B049-13EF00EDD385}.Debug|Any CPU.ActiveCfg = Debug|Any CPU
		{792BB4D7-C4EF-4AE6-B049-13EF00EDD385}.Debug|Any CPU.Build.0 = Debug|Any CPU
		{792BB4D7-C4EF-4AE6-B049-13EF00EDD385}.Release|Any CPU.ActiveCfg = Release|Any CPU
		{792BB4D7-C4EF-4AE6-B049-13EF00EDD385}.Release|Any CPU.Build.0 = Release|Any CPU
		{F49F0831-3506-4DFD-AFD2-E03012E22603}.Debug|Any CPU.ActiveCfg = Debug|Any CPU
		{F49F0831-3506-4DFD-AFD2-E03012E22603}.Debug|Any CPU.Build.0 = Debug|Any CPU
		{F49F0831-3506-4DFD-AFD2-E03012E22603}.Release|Any CPU.ActiveCfg = Release|Any CPU
		{F49F0831-3506-4DFD-AFD2-E03012E22603}.Release|Any CPU.Build.0 = Release|Any CPU
		{578F6FA3-DD3E-42F6-9197-670CD0D2D32F}.Debug|Any CPU.ActiveCfg = Debug|Any CPU
		{578F6FA3-DD3E-42F6-9197-670CD0D2D32F}.Debug|Any CPU.Build.0 = Debug|Any CPU
		{578F6FA3-DD3E-42F6-9197-670CD0D2D32F}.Release|Any CPU.ActiveCfg = Release|Any CPU
		{578F6FA3-DD3E-42F6-9197-670CD0D2D32F}.Release|Any CPU.Build.0 = Release|Any CPU
	EndGlobalSection
	GlobalSection(SolutionProperties) = preSolution
		HideSolutionNode = FALSE
	EndGlobalSection
	GlobalSection(NestedProjects) = preSolution
		{01D39F6E-D5AE-42D9-864F-59C6BCEF87AA} = {B320FEC0-7479-41A1-A435-AC639459EF47}
		{FDB4859C-489A-4CF9-8342-B2F229D3F9B7} = {B320FEC0-7479-41A1-A435-AC639459EF47}
		{792BB4D7-C4EF-4AE6-B049-13EF00EDD385} = {A89DD1B8-272A-4475-BBA6-50DA9CF56367}
		{F49F0831-3506-4DFD-AFD2-E03012E22603} = {A89DD1B8-272A-4475-BBA6-50DA9CF56367}
		{578F6FA3-DD3E-42F6-9197-670CD0D2D32F} = {DC131E65-37D9-4784-935A-CFF017B88FC0}
	EndGlobalSection
	GlobalSection(ExtensibilityGlobals) = postSolution
		SolutionGuid = {26DC8CDD-2E85-4717-88D4-215E3C69CEBB}
	EndGlobalSection
EndGlobal
